
Microsoft Visual Studio Solution File, Format Version 12.00
# Visual Studio 15
VisualStudioVersion = 15.0.28307.1259
MinimumVisualStudioVersion = 10.0.40219.1
Project("{D2ABAB84-BF74-430A-B69E-9DC6D40DDA17}") = "ASSensorSet", "ASSensorSet\ASSensorSet.dwproj", "{A62F7221-2915-4176-A252-E91845C630F9}"
EndProject
Global
	GlobalSection(SolutionConfigurationPlatforms) = preSolution
		Development|Default = Development|Default
	EndGlobalSection
	GlobalSection(ProjectConfigurationPlatforms) = postSolution
		{A62F7221-2915-4176-A252-E91845C630F9}.Development|Default.ActiveCfg = Development
		{A62F7221-2915-4176-A252-E91845C630F9}.Development|Default.Build.0 = Development
		{A62F7221-2915-4176-A252-E91845C630F9}.Development|Default.Deploy.0 = Development
	EndGlobalSection
	GlobalSection(SolutionProperties) = preSolution
		HideSolutionNode = FALSE
	EndGlobalSection
	GlobalSection(ExtensibilityGlobals) = postSolution
		SolutionGuid = {1C9C672F-FCB0-4DFA-AB54-10B5929D26CE}
	EndGlobalSection
EndGlobal
