
Microsoft Visual Studio Solution File, Format Version 12.00
# Visual Studio 15
VisualStudioVersion = 15.0.28307.1259
MinimumVisualStudioVersion = 10.0.40219.1
Project("{159641D6-6404-4A2A-AE62-294DE0FE8301}") = "SSIS_SensorSet", "Integration Services Project\SSIS_SensorSet.dtproj", "{7935DC33-FD52-4B4B-B68D-A9E454FE4EE6}"
EndProject
Global
	GlobalSection(SolutionConfigurationPlatforms) = preSolution
		Development|Default = Development|Default
	EndGlobalSection
	GlobalSection(ProjectConfigurationPlatforms) = postSolution
		{7935DC33-FD52-4B4B-B68D-A9E454FE4EE6}.Development|Default.ActiveCfg = Development
		{7935DC33-FD52-4B4B-B68D-A9E454FE4EE6}.Development|Default.Build.0 = Development
	EndGlobalSection
	GlobalSection(SolutionProperties) = preSolution
		HideSolutionNode = FALSE
	EndGlobalSection
	GlobalSection(ExtensibilityGlobals) = postSolution
		SolutionGuid = {538155D2-2B36-45E3-A076-F08DC9A0CCD6}
	EndGlobalSection
EndGlobal
